// !$*UTF8*$!
{
	archiveVersion = 1;
	classes = {
	};
	objectVersion = 51;
	objects = {

/* Begin PBXBuildFile section */
		39064F1023BE5DFC00A92C06 /* AddShiftViewController.swift in Sources */ = {isa = PBXBuildFile; fileRef = 39064F0E23BE5DFC00A92C06 /* AddShiftViewController.swift */; };
		39064F1123BE5DFC00A92C06 /* AddShiftViewController.xib in Resources */ = {isa = PBXBuildFile; fileRef = 39064F0F23BE5DFC00A92C06 /* AddShiftViewController.xib */; };
		397F967623BD0789004B8C6A /* Shifts.json in Resources */ = {isa = PBXBuildFile; fileRef = 397F967523BD0789004B8C6A /* Shifts.json */; };
		397F967923BD07F7004B8C6A /* Shift.swift in Sources */ = {isa = PBXBuildFile; fileRef = 397F967823BD07F7004B8C6A /* Shift.swift */; };
		397F967B23BD0A1C004B8C6A /* RoleType.swift in Sources */ = {isa = PBXBuildFile; fileRef = 397F967A23BD0A1C004B8C6A /* RoleType.swift */; };
		397F967D23BD0B35004B8C6A /* ColorType.swift in Sources */ = {isa = PBXBuildFile; fileRef = 397F967C23BD0B35004B8C6A /* ColorType.swift */; };
		397F968023BD13D1004B8C6A /* ParsingManager.swift in Sources */ = {isa = PBXBuildFile; fileRef = 397F967F23BD13D1004B8C6A /* ParsingManager.swift */; };
		397F968323BD17C1004B8C6A /* WorkersProvider.swift in Sources */ = {isa = PBXBuildFile; fileRef = 397F968223BD17C1004B8C6A /* WorkersProvider.swift */; };
		397F968523BD1F69004B8C6A /* ShiftResult.swift in Sources */ = {isa = PBXBuildFile; fileRef = 397F968423BD1F69004B8C6A /* ShiftResult.swift */; };
		397F968823BD282D004B8C6A /* Services.swift in Sources */ = {isa = PBXBuildFile; fileRef = 397F968723BD282D004B8C6A /* Services.swift */; };
		397F968F23BD3510004B8C6A /* ShiftsViewController.swift in Sources */ = {isa = PBXBuildFile; fileRef = 397F968D23BD3510004B8C6A /* ShiftsViewController.swift */; };
		397F969023BD3510004B8C6A /* ShiftsViewController.xib in Resources */ = {isa = PBXBuildFile; fileRef = 397F968E23BD3510004B8C6A /* ShiftsViewController.xib */; };
		397F969323BD36AC004B8C6A /* UIViewController+Extension.swift in Sources */ = {isa = PBXBuildFile; fileRef = 397F969223BD36AC004B8C6A /* UIViewController+Extension.swift */; };
		397F969523BD3B25004B8C6A /* UIManager.swift in Sources */ = {isa = PBXBuildFile; fileRef = 397F969423BD3B25004B8C6A /* UIManager.swift */; };
		397F969723BE195B004B8C6A /* Localizable.strings in Resources */ = {isa = PBXBuildFile; fileRef = 397F969623BE195B004B8C6A /* Localizable.strings */; };
		397F969923BE1B51004B8C6A /* String+Extension.swift in Sources */ = {isa = PBXBuildFile; fileRef = 397F969823BE1B51004B8C6A /* String+Extension.swift */; };
		397F969D23BE249C004B8C6A /* ShiftsTableViewController.swift in Sources */ = {isa = PBXBuildFile; fileRef = 397F969C23BE249C004B8C6A /* ShiftsTableViewController.swift */; };
		397F969F23BE397C004B8C6A /* UITableView+Extension.swift in Sources */ = {isa = PBXBuildFile; fileRef = 397F969E23BE397C004B8C6A /* UITableView+Extension.swift */; };
		397F96A123BE39B6004B8C6A /* ReusableView.swift in Sources */ = {isa = PBXBuildFile; fileRef = 397F96A023BE39B6004B8C6A /* ReusableView.swift */; };
		397F96A623BE3A66004B8C6A /* ShiftsTableViewCell.swift in Sources */ = {isa = PBXBuildFile; fileRef = 397F96A423BE3A66004B8C6A /* ShiftsTableViewCell.swift */; };
		397F96A723BE3A66004B8C6A /* ShiftsTableViewCell.xib in Resources */ = {isa = PBXBuildFile; fileRef = 397F96A523BE3A66004B8C6A /* ShiftsTableViewCell.xib */; };
		39ABA0C023AEC1590081F914 /* AppDelegate.swift in Sources */ = {isa = PBXBuildFile; fileRef = 39ABA0BF23AEC1590081F914 /* AppDelegate.swift */; };
		39ABA0C923AEC15B0081F914 /* Assets.xcassets in Resources */ = {isa = PBXBuildFile; fileRef = 39ABA0C823AEC15B0081F914 /* Assets.xcassets */; };
		39ABA0CC23AEC15B0081F914 /* LaunchScreen.storyboard in Resources */ = {isa = PBXBuildFile; fileRef = 39ABA0CA23AEC15B0081F914 /* LaunchScreen.storyboard */; };
		C5000820A280224285A356DB /* Pods_Cafe.framework in Frameworks */ = {isa = PBXBuildFile; fileRef = 0EC4A9A80289E782CD23BA96 /* Pods_Cafe.framework */; };
/* End PBXBuildFile section */

/* Begin PBXFileReference section */
		0EC4A9A80289E782CD23BA96 /* Pods_Cafe.framework */ = {isa = PBXFileReference; explicitFileType = wrapper.framework; includeInIndex = 0; path = Pods_Cafe.framework; sourceTree = BUILT_PRODUCTS_DIR; };
		39064F0E23BE5DFC00A92C06 /* AddShiftViewController.swift */ = {isa = PBXFileReference; lastKnownFileType = sourcecode.swift; path = AddShiftViewController.swift; sourceTree = "<group>"; };
		39064F0F23BE5DFC00A92C06 /* AddShiftViewController.xib */ = {isa = PBXFileReference; lastKnownFileType = file.xib; path = AddShiftViewController.xib; sourceTree = "<group>"; };
		397F967523BD0789004B8C6A /* Shifts.json */ = {isa = PBXFileReference; lastKnownFileType = text.json; path = Shifts.json; sourceTree = "<group>"; };
		397F967823BD07F7004B8C6A /* Shift.swift */ = {isa = PBXFileReference; lastKnownFileType = sourcecode.swift; path = Shift.swift; sourceTree = "<group>"; };
		397F967A23BD0A1C004B8C6A /* RoleType.swift */ = {isa = PBXFileReference; lastKnownFileType = sourcecode.swift; path = RoleType.swift; sourceTree = "<group>"; };
		397F967C23BD0B35004B8C6A /* ColorType.swift */ = {isa = PBXFileReference; lastKnownFileType = sourcecode.swift; path = ColorType.swift; sourceTree = "<group>"; };
		397F967F23BD13D1004B8C6A /* ParsingManager.swift */ = {isa = PBXFileReference; lastKnownFileType = sourcecode.swift; path = ParsingManager.swift; sourceTree = "<group>"; };
		397F968223BD17C1004B8C6A /* WorkersProvider.swift */ = {isa = PBXFileReference; lastKnownFileType = sourcecode.swift; path = WorkersProvider.swift; sourceTree = "<group>"; };
		397F968423BD1F69004B8C6A /* ShiftResult.swift */ = {isa = PBXFileReference; lastKnownFileType = sourcecode.swift; path = ShiftResult.swift; sourceTree = "<group>"; };
		397F968723BD282D004B8C6A /* Services.swift */ = {isa = PBXFileReference; lastKnownFileType = sourcecode.swift; path = Services.swift; sourceTree = "<group>"; };
		397F968D23BD3510004B8C6A /* ShiftsViewController.swift */ = {isa = PBXFileReference; lastKnownFileType = sourcecode.swift; path = ShiftsViewController.swift; sourceTree = "<group>"; };
		397F968E23BD3510004B8C6A /* ShiftsViewController.xib */ = {isa = PBXFileReference; lastKnownFileType = file.xib; path = ShiftsViewController.xib; sourceTree = "<group>"; };
		397F969223BD36AC004B8C6A /* UIViewController+Extension.swift */ = {isa = PBXFileReference; lastKnownFileType = sourcecode.swift; path = "UIViewController+Extension.swift"; sourceTree = "<group>"; };
		397F969423BD3B25004B8C6A /* UIManager.swift */ = {isa = PBXFileReference; lastKnownFileType = sourcecode.swift; path = UIManager.swift; sourceTree = "<group>"; };
		397F969623BE195B004B8C6A /* Localizable.strings */ = {isa = PBXFileReference; lastKnownFileType = text.plist.strings; path = Localizable.strings; sourceTree = "<group>"; };
		397F969823BE1B51004B8C6A /* String+Extension.swift */ = {isa = PBXFileReference; lastKnownFileType = sourcecode.swift; path = "String+Extension.swift"; sourceTree = "<group>"; };
		397F969C23BE249C004B8C6A /* ShiftsTableViewController.swift */ = {isa = PBXFileReference; lastKnownFileType = sourcecode.swift; path = ShiftsTableViewController.swift; sourceTree = "<group>"; };
		397F969E23BE397C004B8C6A /* UITableView+Extension.swift */ = {isa = PBXFileReference; lastKnownFileType = sourcecode.swift; path = "UITableView+Extension.swift"; sourceTree = "<group>"; };
		397F96A023BE39B6004B8C6A /* ReusableView.swift */ = {isa = PBXFileReference; lastKnownFileType = sourcecode.swift; path = ReusableView.swift; sourceTree = "<group>"; };
		397F96A423BE3A66004B8C6A /* ShiftsTableViewCell.swift */ = {isa = PBXFileReference; lastKnownFileType = sourcecode.swift; path = ShiftsTableViewCell.swift; sourceTree = "<group>"; };
		397F96A523BE3A66004B8C6A /* ShiftsTableViewCell.xib */ = {isa = PBXFileReference; lastKnownFileType = file.xib; path = ShiftsTableViewCell.xib; sourceTree = "<group>"; };
		39ABA0BC23AEC1590081F914 /* Cafe.app */ = {isa = PBXFileReference; explicitFileType = wrapper.application; includeInIndex = 0; path = Cafe.app; sourceTree = BUILT_PRODUCTS_DIR; };
		39ABA0BF23AEC1590081F914 /* AppDelegate.swift */ = {isa = PBXFileReference; lastKnownFileType = sourcecode.swift; path = AppDelegate.swift; sourceTree = "<group>"; };
		39ABA0C823AEC15B0081F914 /* Assets.xcassets */ = {isa = PBXFileReference; lastKnownFileType = folder.assetcatalog; path = Assets.xcassets; sourceTree = "<group>"; };
		39ABA0CB23AEC15B0081F914 /* Base */ = {isa = PBXFileReference; lastKnownFileType = file.storyboard; name = Base; path = Base.lproj/LaunchScreen.storyboard; sourceTree = "<group>"; };
		39ABA0CD23AEC15B0081F914 /* Info.plist */ = {isa = PBXFileReference; lastKnownFileType = text.plist.xml; path = Info.plist; sourceTree = "<group>"; };
		5A52319D775073503124BCCE /* Pods-Cafe.release.xcconfig */ = {isa = PBXFileReference; includeInIndex = 1; lastKnownFileType = text.xcconfig; name = "Pods-Cafe.release.xcconfig"; path = "Target Support Files/Pods-Cafe/Pods-Cafe.release.xcconfig"; sourceTree = "<group>"; };
		623172B73E8DD979C49E4EB8 /* Pods-Cafe.debug.xcconfig */ = {isa = PBXFileReference; includeInIndex = 1; lastKnownFileType = text.xcconfig; name = "Pods-Cafe.debug.xcconfig"; path = "Target Support Files/Pods-Cafe/Pods-Cafe.debug.xcconfig"; sourceTree = "<group>"; };
/* End PBXFileReference section */

/* Begin PBXFrameworksBuildPhase section */
		39ABA0B923AEC1590081F914 /* Frameworks */ = {
			isa = PBXFrameworksBuildPhase;
			buildActionMask = 2147483647;
			files = (
				C5000820A280224285A356DB /* Pods_Cafe.framework in Frameworks */,
			);
			runOnlyForDeploymentPostprocessing = 0;
		};
/* End PBXFrameworksBuildPhase section */

/* Begin PBXGroup section */
		19726E12A4ABB881B085FBDA /* Frameworks */ = {
			isa = PBXGroup;
			children = (
				0EC4A9A80289E782CD23BA96 /* Pods_Cafe.framework */,
			);
			name = Frameworks;
			sourceTree = "<group>";
		};
		39064F0D23BE5DCC00A92C06 /* Add shift */ = {
			isa = PBXGroup;
			children = (
				39064F0E23BE5DFC00A92C06 /* AddShiftViewController.swift */,
				39064F0F23BE5DFC00A92C06 /* AddShiftViewController.xib */,
			);
			path = "Add shift";
			sourceTree = "<group>";
		};
		39772D043DED8BFD53D9FCAA /* Pods */ = {
			isa = PBXGroup;
			children = (
				623172B73E8DD979C49E4EB8 /* Pods-Cafe.debug.xcconfig */,
				5A52319D775073503124BCCE /* Pods-Cafe.release.xcconfig */,
			);
			path = Pods;
			sourceTree = "<group>";
		};
		397F967423BD04D9004B8C6A /* Resourses */ = {
			isa = PBXGroup;
			children = (
				397F967523BD0789004B8C6A /* Shifts.json */,
				397F969623BE195B004B8C6A /* Localizable.strings */,
			);
			path = Resourses;
			sourceTree = "<group>";
		};
		397F967723BD07D9004B8C6A /* Models */ = {
			isa = PBXGroup;
			children = (
				397F968423BD1F69004B8C6A /* ShiftResult.swift */,
				397F967823BD07F7004B8C6A /* Shift.swift */,
				397F967A23BD0A1C004B8C6A /* RoleType.swift */,
				397F967C23BD0B35004B8C6A /* ColorType.swift */,
			);
			path = Models;
			sourceTree = "<group>";
		};
		397F967E23BD0D03004B8C6A /* Services */ = {
			isa = PBXGroup;
			children = (
				397F967F23BD13D1004B8C6A /* ParsingManager.swift */,
				397F969423BD3B25004B8C6A /* UIManager.swift */,
			);
			path = Services;
			sourceTree = "<group>";
		};
		397F968123BD1410004B8C6A /* Providers */ = {
			isa = PBXGroup;
			children = (
				397F968223BD17C1004B8C6A /* WorkersProvider.swift */,
			);
			path = Providers;
			sourceTree = "<group>";
		};
		397F968623BD281A004B8C6A /* Helpers */ = {
			isa = PBXGroup;
			children = (
				397F968723BD282D004B8C6A /* Services.swift */,
				397F96A023BE39B6004B8C6A /* ReusableView.swift */,
			);
			path = Helpers;
			sourceTree = "<group>";
		};
		397F968923BD320B004B8C6A /* UI */ = {
			isa = PBXGroup;
			children = (
				39064F0D23BE5DCC00A92C06 /* Add shift */,
				397F968C23BD34F5004B8C6A /* Shifts */,
			);
			path = UI;
			sourceTree = "<group>";
		};
		397F968C23BD34F5004B8C6A /* Shifts */ = {
			isa = PBXGroup;
			children = (
				397F968D23BD3510004B8C6A /* ShiftsViewController.swift */,
				397F968E23BD3510004B8C6A /* ShiftsViewController.xib */,
				397F969C23BE249C004B8C6A /* ShiftsTableViewController.swift */,
			);
			path = Shifts;
			sourceTree = "<group>";
		};
		397F969123BD369D004B8C6A /* Extensions */ = {
			isa = PBXGroup;
			children = (
				397F969223BD36AC004B8C6A /* UIViewController+Extension.swift */,
				397F969823BE1B51004B8C6A /* String+Extension.swift */,
				397F969E23BE397C004B8C6A /* UITableView+Extension.swift */,
			);
			path = Extensions;
			sourceTree = "<group>";
		};
		397F96A223BE3A4A004B8C6A /* CustomUI */ = {
			isa = PBXGroup;
			children = (
				397F96A323BE3A50004B8C6A /* Cells */,
			);
			path = CustomUI;
			sourceTree = "<group>";
		};
		397F96A323BE3A50004B8C6A /* Cells */ = {
			isa = PBXGroup;
			children = (
				397F96A423BE3A66004B8C6A /* ShiftsTableViewCell.swift */,
				397F96A523BE3A66004B8C6A /* ShiftsTableViewCell.xib */,
			);
			path = Cells;
			sourceTree = "<group>";
		};
		39ABA0B323AEC1590081F914 = {
			isa = PBXGroup;
			children = (
				39ABA0BE23AEC1590081F914 /* Cafe */,
				39ABA0BD23AEC1590081F914 /* Products */,
				39772D043DED8BFD53D9FCAA /* Pods */,
				19726E12A4ABB881B085FBDA /* Frameworks */,
			);
			sourceTree = "<group>";
		};
		39ABA0BD23AEC1590081F914 /* Products */ = {
			isa = PBXGroup;
			children = (
				39ABA0BC23AEC1590081F914 /* Cafe.app */,
			);
			name = Products;
			sourceTree = "<group>";
		};
		39ABA0BE23AEC1590081F914 /* Cafe */ = {
			isa = PBXGroup;
			children = (
				397F96A223BE3A4A004B8C6A /* CustomUI */,
				397F969123BD369D004B8C6A /* Extensions */,
				397F968923BD320B004B8C6A /* UI */,
				397F968623BD281A004B8C6A /* Helpers */,
				397F968123BD1410004B8C6A /* Providers */,
				397F967E23BD0D03004B8C6A /* Services */,
				397F967723BD07D9004B8C6A /* Models */,
				397F967423BD04D9004B8C6A /* Resourses */,
				39ABA0BF23AEC1590081F914 /* AppDelegate.swift */,
				39ABA0C823AEC15B0081F914 /* Assets.xcassets */,
				39ABA0CA23AEC15B0081F914 /* LaunchScreen.storyboard */,
				39ABA0CD23AEC15B0081F914 /* Info.plist */,
			);
			path = Cafe;
			sourceTree = "<group>";
		};
/* End PBXGroup section */

/* Begin PBXNativeTarget section */
		39ABA0BB23AEC1590081F914 /* Cafe */ = {
			isa = PBXNativeTarget;
			buildConfigurationList = 39ABA0D023AEC15B0081F914 /* Build configuration list for PBXNativeTarget "Cafe" */;
			buildPhases = (
				8D8589057D20164E41C367FA /* [CP] Check Pods Manifest.lock */,
				39ABA0B823AEC1590081F914 /* Sources */,
				39ABA0B923AEC1590081F914 /* Frameworks */,
				39ABA0BA23AEC1590081F914 /* Resources */,
				9AE7BE638DE19859D291CA99 /* [CP] Embed Pods Frameworks */,
			);
			buildRules = (
			);
			dependencies = (
			);
			name = Cafe;
			productName = Cafe;
			productReference = 39ABA0BC23AEC1590081F914 /* Cafe.app */;
			productType = "com.apple.product-type.application";
		};
/* End PBXNativeTarget section */

/* Begin PBXProject section */
		39ABA0B423AEC1590081F914 /* Project object */ = {
			isa = PBXProject;
			attributes = {
				LastSwiftUpdateCheck = 1100;
				LastUpgradeCheck = 1100;
				ORGANIZATIONNAME = Timur;
				TargetAttributes = {
					39ABA0BB23AEC1590081F914 = {
						CreatedOnToolsVersion = 11.0;
					};
				};
			};
			buildConfigurationList = 39ABA0B723AEC1590081F914 /* Build configuration list for PBXProject "Cafe" */;
			compatibilityVersion = "Xcode 9.3";
			developmentRegion = en;
			hasScannedForEncodings = 0;
			knownRegions = (
				en,
				Base,
			);
			mainGroup = 39ABA0B323AEC1590081F914;
			productRefGroup = 39ABA0BD23AEC1590081F914 /* Products */;
			projectDirPath = "";
			projectRoot = "";
			targets = (
				39ABA0BB23AEC1590081F914 /* Cafe */,
			);
		};
/* End PBXProject section */

/* Begin PBXResourcesBuildPhase section */
		39ABA0BA23AEC1590081F914 /* Resources */ = {
			isa = PBXResourcesBuildPhase;
			buildActionMask = 2147483647;
			files = (
				397F96A723BE3A66004B8C6A /* ShiftsTableViewCell.xib in Resources */,
				397F969723BE195B004B8C6A /* Localizable.strings in Resources */,
				39ABA0CC23AEC15B0081F914 /* LaunchScreen.storyboard in Resources */,
				39ABA0C923AEC15B0081F914 /* Assets.xcassets in Resources */,
				397F969023BD3510004B8C6A /* ShiftsViewController.xib in Resources */,
				397F967623BD0789004B8C6A /* Shifts.json in Resources */,
				39064F1123BE5DFC00A92C06 /* AddShiftViewController.xib in Resources */,
			);
			runOnlyForDeploymentPostprocessing = 0;
		};
/* End PBXResourcesBuildPhase section */

/* Begin PBXShellScriptBuildPhase section */
		8D8589057D20164E41C367FA /* [CP] Check Pods Manifest.lock */ = {
			isa = PBXShellScriptBuildPhase;
			buildActionMask = 2147483647;
			files = (
			);
			inputFileListPaths = (
			);
			inputPaths = (
				"${PODS_PODFILE_DIR_PATH}/Podfile.lock",
				"${PODS_ROOT}/Manifest.lock",
			);
			name = "[CP] Check Pods Manifest.lock";
			outputFileListPaths = (
			);
			outputPaths = (
				"$(DERIVED_FILE_DIR)/Pods-Cafe-checkManifestLockResult.txt",
			);
			runOnlyForDeploymentPostprocessing = 0;
			shellPath = /bin/sh;
			shellScript = "diff \"${PODS_PODFILE_DIR_PATH}/Podfile.lock\" \"${PODS_ROOT}/Manifest.lock\" > /dev/null\nif [ $? != 0 ] ; then\n    # print error to STDERR\n    echo \"error: The sandbox is not in sync with the Podfile.lock. Run 'pod install' or update your CocoaPods installation.\" >&2\n    exit 1\nfi\n# This output is used by Xcode 'outputs' to avoid re-running this script phase.\necho \"SUCCESS\" > \"${SCRIPT_OUTPUT_FILE_0}\"\n";
			showEnvVarsInLog = 0;
		};
		9AE7BE638DE19859D291CA99 /* [CP] Embed Pods Frameworks */ = {
			isa = PBXShellScriptBuildPhase;
			buildActionMask = 2147483647;
			files = (
			);
			inputFileListPaths = (
				"${PODS_ROOT}/Target Support Files/Pods-Cafe/Pods-Cafe-frameworks-${CONFIGURATION}-input-files.xcfilelist",
			);
			name = "[CP] Embed Pods Frameworks";
			outputFileListPaths = (
				"${PODS_ROOT}/Target Support Files/Pods-Cafe/Pods-Cafe-frameworks-${CONFIGURATION}-output-files.xcfilelist",
			);
			runOnlyForDeploymentPostprocessing = 0;
			shellPath = /bin/sh;
			shellScript = "\"${PODS_ROOT}/Target Support Files/Pods-Cafe/Pods-Cafe-frameworks.sh\"\n";
			showEnvVarsInLog = 0;
		};
/* End PBXShellScriptBuildPhase section */

/* Begin PBXSourcesBuildPhase section */
		39ABA0B823AEC1590081F914 /* Sources */ = {
			isa = PBXSourcesBuildPhase;
			buildActionMask = 2147483647;
			files = (
				397F969523BD3B25004B8C6A /* UIManager.swift in Sources */,
				397F968023BD13D1004B8C6A /* ParsingManager.swift in Sources */,
				397F968523BD1F69004B8C6A /* ShiftResult.swift in Sources */,
				397F969323BD36AC004B8C6A /* UIViewController+Extension.swift in Sources */,
				397F969923BE1B51004B8C6A /* String+Extension.swift in Sources */,
				397F968323BD17C1004B8C6A /* WorkersProvider.swift in Sources */,
				397F96A123BE39B6004B8C6A /* ReusableView.swift in Sources */,
				397F967D23BD0B35004B8C6A /* ColorType.swift in Sources */,
				397F967923BD07F7004B8C6A /* Shift.swift in Sources */,
				39ABA0C023AEC1590081F914 /* AppDelegate.swift in Sources */,
				39064F1023BE5DFC00A92C06 /* AddShiftViewController.swift in Sources */,
				397F969F23BE397C004B8C6A /* UITableView+Extension.swift in Sources */,
				397F968F23BD3510004B8C6A /* ShiftsViewController.swift in Sources */,
				397F96A623BE3A66004B8C6A /* ShiftsTableViewCell.swift in Sources */,
				397F969D23BE249C004B8C6A /* ShiftsTableViewController.swift in Sources */,
				397F968823BD282D004B8C6A /* Services.swift in Sources */,
				397F967B23BD0A1C004B8C6A /* RoleType.swift in Sources */,
			);
			runOnlyForDeploymentPostprocessing = 0;
		};
/* End PBXSourcesBuildPhase section */

/* Begin PBXVariantGroup section */
		39ABA0CA23AEC15B0081F914 /* LaunchScreen.storyboard */ = {
			isa = PBXVariantGroup;
			children = (
				39ABA0CB23AEC15B0081F914 /* Base */,
			);
			name = LaunchScreen.storyboard;
			sourceTree = "<group>";
		};
/* End PBXVariantGroup section */

/* Begin XCBuildConfiguration section */
		39ABA0CE23AEC15B0081F914 /* Debug */ = {
			isa = XCBuildConfiguration;
			buildSettings = {
				ALWAYS_SEARCH_USER_PATHS = NO;
				CLANG_ANALYZER_NONNULL = YES;
				CLANG_ANALYZER_NUMBER_OBJECT_CONVERSION = YES_AGGRESSIVE;
				CLANG_CXX_LANGUAGE_STANDARD = "gnu++14";
				CLANG_CXX_LIBRARY = "libc++";
				CLANG_ENABLE_MODULES = YES;
				CLANG_ENABLE_OBJC_ARC = YES;
				CLANG_ENABLE_OBJC_WEAK = YES;
				CLANG_WARN_BLOCK_CAPTURE_AUTORELEASING = YES;
				CLANG_WARN_BOOL_CONVERSION = YES;
				CLANG_WARN_COMMA = YES;
				CLANG_WARN_CONSTANT_CONVERSION = YES;
				CLANG_WARN_DEPRECATED_OBJC_IMPLEMENTATIONS = YES;
				CLANG_WARN_DIRECT_OBJC_ISA_USAGE = YES_ERROR;
				CLANG_WARN_DOCUMENTATION_COMMENTS = YES;
				CLANG_WARN_EMPTY_BODY = YES;
				CLANG_WARN_ENUM_CONVERSION = YES;
				CLANG_WARN_INFINITE_RECURSION = YES;
				CLANG_WARN_INT_CONVERSION = YES;
				CLANG_WARN_NON_LITERAL_NULL_CONVERSION = YES;
				CLANG_WARN_OBJC_IMPLICIT_RETAIN_SELF = YES;
				CLANG_WARN_OBJC_LITERAL_CONVERSION = YES;
				CLANG_WARN_OBJC_ROOT_CLASS = YES_ERROR;
				CLANG_WARN_RANGE_LOOP_ANALYSIS = YES;
				CLANG_WARN_STRICT_PROTOTYPES = YES;
				CLANG_WARN_SUSPICIOUS_MOVE = YES;
				CLANG_WARN_UNGUARDED_AVAILABILITY = YES_AGGRESSIVE;
				CLANG_WARN_UNREACHABLE_CODE = YES;
				CLANG_WARN__DUPLICATE_METHOD_MATCH = YES;
				COPY_PHASE_STRIP = NO;
				DEBUG_INFORMATION_FORMAT = dwarf;
				ENABLE_STRICT_OBJC_MSGSEND = YES;
				ENABLE_TESTABILITY = YES;
				GCC_C_LANGUAGE_STANDARD = gnu11;
				GCC_DYNAMIC_NO_PIC = NO;
				GCC_NO_COMMON_BLOCKS = YES;
				GCC_OPTIMIZATION_LEVEL = 0;
				GCC_PREPROCESSOR_DEFINITIONS = (
					"DEBUG=1",
					"$(inherited)",
				);
				GCC_WARN_64_TO_32_BIT_CONVERSION = YES;
				GCC_WARN_ABOUT_RETURN_TYPE = YES_ERROR;
				GCC_WARN_UNDECLARED_SELECTOR = YES;
				GCC_WARN_UNINITIALIZED_AUTOS = YES_AGGRESSIVE;
				GCC_WARN_UNUSED_FUNCTION = YES;
				GCC_WARN_UNUSED_VARIABLE = YES;
				IPHONEOS_DEPLOYMENT_TARGET = 12.0;
				MTL_ENABLE_DEBUG_INFO = INCLUDE_SOURCE;
				MTL_FAST_MATH = YES;
				ONLY_ACTIVE_ARCH = YES;
				SDKROOT = iphoneos;
				SWIFT_ACTIVE_COMPILATION_CONDITIONS = DEBUG;
				SWIFT_OPTIMIZATION_LEVEL = "-Onone";
			};
			name = Debug;
		};
		39ABA0CF23AEC15B0081F914 /* Release */ = {
			isa = XCBuildConfiguration;
			buildSettings = {
				ALWAYS_SEARCH_USER_PATHS = NO;
				CLANG_ANALYZER_NONNULL = YES;
				CLANG_ANALYZER_NUMBER_OBJECT_CONVERSION = YES_AGGRESSIVE;
				CLANG_CXX_LANGUAGE_STANDARD = "gnu++14";
				CLANG_CXX_LIBRARY = "libc++";
				CLANG_ENABLE_MODULES = YES;
				CLANG_ENABLE_OBJC_ARC = YES;
				CLANG_ENABLE_OBJC_WEAK = YES;
				CLANG_WARN_BLOCK_CAPTURE_AUTORELEASING = YES;
				CLANG_WARN_BOOL_CONVERSION = YES;
				CLANG_WARN_COMMA = YES;
				CLANG_WARN_CONSTANT_CONVERSION = YES;
				CLANG_WARN_DEPRECATED_OBJC_IMPLEMENTATIONS = YES;
				CLANG_WARN_DIRECT_OBJC_ISA_USAGE = YES_ERROR;
				CLANG_WARN_DOCUMENTATION_COMMENTS = YES;
				CLANG_WARN_EMPTY_BODY = YES;
				CLANG_WARN_ENUM_CONVERSION = YES;
				CLANG_WARN_INFINITE_RECURSION = YES;
				CLANG_WARN_INT_CONVERSION = YES;
				CLANG_WARN_NON_LITERAL_NULL_CONVERSION = YES;
				CLANG_WARN_OBJC_IMPLICIT_RETAIN_SELF = YES;
				CLANG_WARN_OBJC_LITERAL_CONVERSION = YES;
				CLANG_WARN_OBJC_ROOT_CLASS = YES_ERROR;
				CLANG_WARN_RANGE_LOOP_ANALYSIS = YES;
				CLANG_WARN_STRICT_PROTOTYPES = YES;
				CLANG_WARN_SUSPICIOUS_MOVE = YES;
				CLANG_WARN_UNGUARDED_AVAILABILITY = YES_AGGRESSIVE;
				CLANG_WARN_UNREACHABLE_CODE = YES;
				CLANG_WARN__DUPLICATE_METHOD_MATCH = YES;
				COPY_PHASE_STRIP = NO;
				DEBUG_INFORMATION_FORMAT = "dwarf-with-dsym";
				ENABLE_NS_ASSERTIONS = NO;
				ENABLE_STRICT_OBJC_MSGSEND = YES;
				GCC_C_LANGUAGE_STANDARD = gnu11;
				GCC_NO_COMMON_BLOCKS = YES;
				GCC_WARN_64_TO_32_BIT_CONVERSION = YES;
				GCC_WARN_ABOUT_RETURN_TYPE = YES_ERROR;
				GCC_WARN_UNDECLARED_SELECTOR = YES;
				GCC_WARN_UNINITIALIZED_AUTOS = YES_AGGRESSIVE;
				GCC_WARN_UNUSED_FUNCTION = YES;
				GCC_WARN_UNUSED_VARIABLE = YES;
				IPHONEOS_DEPLOYMENT_TARGET = 12.0;
				MTL_ENABLE_DEBUG_INFO = NO;
				MTL_FAST_MATH = YES;
				SDKROOT = iphoneos;
				SWIFT_COMPILATION_MODE = wholemodule;
				SWIFT_OPTIMIZATION_LEVEL = "-O";
				VALIDATE_PRODUCT = YES;
			};
			name = Release;
		};
		39ABA0D123AEC15B0081F914 /* Debug */ = {
			isa = XCBuildConfiguration;
			baseConfigurationReference = 623172B73E8DD979C49E4EB8 /* Pods-Cafe.debug.xcconfig */;
			buildSettings = {
				ASSETCATALOG_COMPILER_APPICON_NAME = AppIcon;
				CODE_SIGN_STYLE = Automatic;
				DEVELOPMENT_TEAM = 947BNYL69G;
				INFOPLIST_FILE = Cafe/Info.plist;
				IPHONEOS_DEPLOYMENT_TARGET = 12.0;
				LD_RUNPATH_SEARCH_PATHS = (
					"$(inherited)",
					"@executable_path/Frameworks",
				);
				PRODUCT_BUNDLE_IDENTIFIER = Gasanov.Cafe;
				PRODUCT_NAME = "$(TARGET_NAME)";
				SWIFT_VERSION = 5.0;
				TARGETED_DEVICE_FAMILY = 1;
			};
			name = Debug;
		};
		39ABA0D223AEC15B0081F914 /* Release */ = {
			isa = XCBuildConfiguration;
			baseConfigurationReference = 5A52319D775073503124BCCE /* Pods-Cafe.release.xcconfig */;
			buildSettings = {
				ASSETCATALOG_COMPILER_APPICON_NAME = AppIcon;
				CODE_SIGN_STYLE = Automatic;
				DEVELOPMENT_TEAM = 947BNYL69G;
				INFOPLIST_FILE = Cafe/Info.plist;
				IPHONEOS_DEPLOYMENT_TARGET = 12.0;
				LD_RUNPATH_SEARCH_PATHS = (
					"$(inherited)",
					"@executable_path/Frameworks",
				);
				PRODUCT_BUNDLE_IDENTIFIER = Gasanov.Cafe;
				PRODUCT_NAME = "$(TARGET_NAME)";
				SWIFT_VERSION = 5.0;
				TARGETED_DEVICE_FAMILY = 1;
			};
			name = Release;
		};
/* End XCBuildConfiguration section */

/* Begin XCConfigurationList section */
		39ABA0B723AEC1590081F914 /* Build configuration list for PBXProject "Cafe" */ = {
			isa = XCConfigurationList;
			buildConfigurations = (
				39ABA0CE23AEC15B0081F914 /* Debug */,
				39ABA0CF23AEC15B0081F914 /* Release */,
			);
			defaultConfigurationIsVisible = 0;
			defaultConfigurationName = Release;
		};
		39ABA0D023AEC15B0081F914 /* Build configuration list for PBXNativeTarget "Cafe" */ = {
			isa = XCConfigurationList;
			buildConfigurations = (
				39ABA0D123AEC15B0081F914 /* Debug */,
				39ABA0D223AEC15B0081F914 /* Release */,
			);
			defaultConfigurationIsVisible = 0;
			defaultConfigurationName = Release;
		};
/* End XCConfigurationList section */
	};
	rootObject = 39ABA0B423AEC1590081F914 /* Project object */;
}
